
Microsoft Visual Studio Solution File, Format Version 12.00
# Visual Studio Version 16
VisualStudioVersion = 16.0.31229.75
MinimumVisualStudioVersion = 10.0.40219.1
Project("{9A19103F-16F7-4668-BE54-9A1E7A4F7556}") = "SysVentas.WebApi", "SysVentas.WebApi\SysVentas.WebApi.csproj", "{13A40FAD-E9E2-425A-8E65-A456C094EE89}"
EndProject
Project("{9A19103F-16F7-4668-BE54-9A1E7A4F7556}") = "SysVentas.Domain", "SysVentas.Domain\SysVentas.Domain.csproj", "{70FCA0A7-70E0-4B89-89AE-B27CBC5B5370}"
EndProject
Project("{9A19103F-16F7-4668-BE54-9A1E7A4F7556}") = "SysVentas.Infrastructure.Data", "SysVentas.Infrastructure.Data\SysVentas.Infrastructure.Data.csproj", "{6AE5358A-BB65-4946-AB2E-6B7372B59703}"
EndProject
Project("{9A19103F-16F7-4668-BE54-9A1E7A4F7556}") = "SysVentas.Application", "SysVentas.Application\SysVentas.Application.csproj", "{6FFAF99B-7D9D-4A4B-9FFD-756D5CBEBCB4}"
EndProject
Project("{FAE04EC0-301F-11D3-BF4B-00C04F79EFBC}") = "SysVentas.Domain.Test", "SysVentas.Domain.Test\SysVentas.Domain.Test.csproj", "{E058C317-EE74-42AD-A5ED-0E40827322DE}"
EndProject
Project("{FAE04EC0-301F-11D3-BF4B-00C04F79EFBC}") = "SysVentas.Application.Test", "SysVentas.Application.Test\SysVentas.Application.Test.csproj", "{146A5141-9E44-422D-90EE-187991FC1EAD}"
EndProject
Global
	GlobalSection(SolutionConfigurationPlatforms) = preSolution
		Debug|Any CPU = Debug|Any CPU
		Release|Any CPU = Release|Any CPU
	EndGlobalSection
	GlobalSection(ProjectConfigurationPlatforms) = postSolution
		{13A40FAD-E9E2-425A-8E65-A456C094EE89}.Debug|Any CPU.ActiveCfg = Debug|Any CPU
		{13A40FAD-E9E2-425A-8E65-A456C094EE89}.Debug|Any CPU.Build.0 = Debug|Any CPU
		{13A40FAD-E9E2-425A-8E65-A456C094EE89}.Release|Any CPU.ActiveCfg = Release|Any CPU
		{13A40FAD-E9E2-425A-8E65-A456C094EE89}.Release|Any CPU.Build.0 = Release|Any CPU
		{70FCA0A7-70E0-4B89-89AE-B27CBC5B5370}.Debug|Any CPU.ActiveCfg = Debug|Any CPU
		{70FCA0A7-70E0-4B89-89AE-B27CBC5B5370}.Debug|Any CPU.Build.0 = Debug|Any CPU
		{70FCA0A7-70E0-4B89-89AE-B27CBC5B5370}.Release|Any CPU.ActiveCfg = Release|Any CPU
		{70FCA0A7-70E0-4B89-89AE-B27CBC5B5370}.Release|Any CPU.Build.0 = Release|Any CPU
		{6AE5358A-BB65-4946-AB2E-6B7372B59703}.Debug|Any CPU.ActiveCfg = Debug|Any CPU
		{6AE5358A-BB65-4946-AB2E-6B7372B59703}.Debug|Any CPU.Build.0 = Debug|Any CPU
		{6AE5358A-BB65-4946-AB2E-6B7372B59703}.Release|Any CPU.ActiveCfg = Release|Any CPU
		{6AE5358A-BB65-4946-AB2E-6B7372B59703}.Release|Any CPU.Build.0 = Release|Any CPU
		{6FFAF99B-7D9D-4A4B-9FFD-756D5CBEBCB4}.Debug|Any CPU.ActiveCfg = Debug|Any CPU
		{6FFAF99B-7D9D-4A4B-9FFD-756D5CBEBCB4}.Debug|Any CPU.Build.0 = Debug|Any CPU
		{6FFAF99B-7D9D-4A4B-9FFD-756D5CBEBCB4}.Release|Any CPU.ActiveCfg = Release|Any CPU
		{6FFAF99B-7D9D-4A4B-9FFD-756D5CBEBCB4}.Release|Any CPU.Build.0 = Release|Any CPU
		{E058C317-EE74-42AD-A5ED-0E40827322DE}.Debug|Any CPU.ActiveCfg = Debug|Any CPU
		{E058C317-EE74-42AD-A5ED-0E40827322DE}.Debug|Any CPU.Build.0 = Debug|Any CPU
		{E058C317-EE74-42AD-A5ED-0E40827322DE}.Release|Any CPU.ActiveCfg = Release|Any CPU
		{E058C317-EE74-42AD-A5ED-0E40827322DE}.Release|Any CPU.Build.0 = Release|Any CPU
		{146A5141-9E44-422D-90EE-187991FC1EAD}.Debug|Any CPU.ActiveCfg = Debug|Any CPU
		{146A5141-9E44-422D-90EE-187991FC1EAD}.Debug|Any CPU.Build.0 = Debug|Any CPU
		{146A5141-9E44-422D-90EE-187991FC1EAD}.Release|Any CPU.ActiveCfg = Release|Any CPU
		{146A5141-9E44-422D-90EE-187991FC1EAD}.Release|Any CPU.Build.0 = Release|Any CPU
	EndGlobalSection
	GlobalSection(SolutionProperties) = preSolution
		HideSolutionNode = FALSE
	EndGlobalSection
	GlobalSection(ExtensibilityGlobals) = postSolution
		SolutionGuid = {E1AE012D-8F33-4D2A-855A-738590491DC8}
	EndGlobalSection
EndGlobal
